<?xml version="1.0" encoding="utf-8"?>
<Project ToolsVersion="4.0" xmlns="http://schemas.microsoft.com/developer/msbuild/2003">
  <ItemGroup>
    <Filter Include="Header Files">
      <UniqueIdentifier>{4ee2d4c6-150a-4045-a1b7-c4f539e681fc}</UniqueIdentifier>
    </Filter>
    <Filter Include="Source Files">
      <UniqueIdentifier>{8ea85371-0c87-4fe4-9cda-63529faced82}</UniqueIdentifier>
    </Filter>
    <Filter Include="TwinCAT UM Files">
      <UniqueIdentifier>{ea329647-972d-4b5c-931e-bf73148777d1}</UniqueIdentifier>
    </Filter>
    <Filter Include="TwinCAT RT Files">
      <UniqueIdentifier>{93661e0a-b06a-420c-b129-2b4d4e498f53}</UniqueIdentifier>
    </Filter>
    <Filter Include="TwinCAT OS Files">
      <UniqueIdentifier>{71ef993b-69fd-46a7-ac4f-a6c25e5731bc}</UniqueIdentifier>
    </Filter>
    <Filter Include="TMC Files">
      <UniqueIdentifier>{2610e91c-f310-4f9b-9a1d-3f14cd57994d}</UniqueIdentifier>
    </Filter>
  </ItemGroup>
  <ItemGroup>
    <ClInclude Include="Resource.h">
      <Filter>TwinCAT UM Files</Filter>
    </ClInclude>
    <ClInclude Include="TcPch.h">
      <Filter>Header Files</Filter>
    </ClInclude>
    <ClInclude Include="PressPositionClassFactory.h">
      <Filter>Header Files</Filter>
    </ClInclude>
    <ClInclude Include="PressPositionInterfaces.h">
      <Filter>Header Files</Filter>
    </ClInclude>
    <ClInclude Include="PressPositionServices.h">
      <Filter>Header Files</Filter>
    </ClInclude>
    <ClInclude Include="PressPositionCtrl.h">
      <Filter>TwinCAT UM Files</Filter>
    </ClInclude>
    <ClInclude Include="PressPositionDriver.h">
      <Filter>TwinCAT RT Files</Filter>
    </ClInclude>
    <ClInclude Include="PressPosModule.h">
      <Filter>Header Files</Filter>
    </ClInclude>
    <ClInclude Include="PressPosModuleAds.h">
      <Filter>Header Files</Filter>
    </ClInclude>
    <ClInclude Include="MotionControlFunctions.h">
      <Filter>Header Files</Filter>
    </ClInclude>
  </ItemGroup>
  <ItemGroup>
    <ClCompile Include="TcPch.cpp">
      <Filter>Source Files</Filter>
    </ClCompile>
    <ClCompile Include="PressPositionClassFactory.cpp">
      <Filter>Source Files</Filter>
    </ClCompile>
    <ClCompile Include="PressPositionCtrl.cpp">
      <Filter>TwinCAT UM Files</Filter>
    </ClCompile>
    <ClCompile Include="PressPositionW32.cpp">
      <Filter>TwinCAT UM Files</Filter>
    </ClCompile>
    <ClCompile Include="PressPositionDriver.cpp">
      <Filter>TwinCAT RT Files</Filter>
    </ClCompile>
    <ClCompile Include="PressPositionMain.cpp">
      <Filter>TwinCAT OS Files</Filter>
    </ClCompile>
    <ClCompile Include="PressPosModule.cpp">
      <Filter>Source Files</Filter>
    </ClCompile>
    <ClCompile Include="MotionControlFunctions.cpp">
      <Filter>Source Files</Filter>
    </ClCompile>
  </ItemGroup>
  <ItemGroup>
    <ResourceCompile Include="PressPosition.rc">
      <Filter>Source Files</Filter>
    </ResourceCompile>
    <ResourceCompile Include="PressPositionW32.rc">
      <Filter>TwinCAT UM Files</Filter>
    </ResourceCompile>
  </ItemGroup>
  <ItemGroup>
    <None Include="PressPositionW32.def">
      <Filter>TwinCAT UM Files</Filter>
    </None>
    <None Include="PressPosition.tmc">
      <Filter>TMC Files</Filter>
    </None>
  </ItemGroup>
  <ItemGroup>
    <Midl Include="PressPositionW32.idl">
      <Filter>TwinCAT UM Files</Filter>
    </Midl>
  </ItemGroup>
</Project>