<?xml version="1.0" encoding="utf-8"?>
<Project ToolsVersion="4.0" xmlns="http://schemas.microsoft.com/developer/msbuild/2003">
  <ItemGroup>
    <Filter Include="Header Files">
      <UniqueIdentifier>{6ca27af4-dd7f-4a2b-bc27-d2b85dbab466}</UniqueIdentifier>
    </Filter>
    <Filter Include="Source Files">
      <UniqueIdentifier>{f39fc231-b227-4320-83a7-5c9205d61c27}</UniqueIdentifier>
    </Filter>
    <Filter Include="TwinCAT UM Files">
      <UniqueIdentifier>{4b2d5311-94e5-4b53-90fb-7115039d927c}</UniqueIdentifier>
    </Filter>
    <Filter Include="TwinCAT RT Files">
      <UniqueIdentifier>{b9be14d5-9b76-4bef-aae8-9cd593633919}</UniqueIdentifier>
    </Filter>
    <Filter Include="TwinCAT OS Files">
      <UniqueIdentifier>{3ac79c3b-514e-4434-93e6-80f3d456604e}</UniqueIdentifier>
    </Filter>
    <Filter Include="TMC Files">
      <UniqueIdentifier>{deb9e564-c2f1-4895-b624-489ce06e9a66}</UniqueIdentifier>
    </Filter>
  </ItemGroup>
  <ItemGroup>
    <ClInclude Include="Resource.h">
      <Filter>TwinCAT UM Files</Filter>
    </ClInclude>
    <ClInclude Include="TcPch.h">
      <Filter>Header Files</Filter>
    </ClInclude>
    <ClInclude Include="RollFeedClassFactory.h">
      <Filter>Header Files</Filter>
    </ClInclude>
    <ClInclude Include="RollFeedInterfaces.h">
      <Filter>Header Files</Filter>
    </ClInclude>
    <ClInclude Include="RollFeedServices.h">
      <Filter>Header Files</Filter>
    </ClInclude>
    <ClInclude Include="RollFeedCtrl.h">
      <Filter>TwinCAT UM Files</Filter>
    </ClInclude>
    <ClInclude Include="RollFeedDriver.h">
      <Filter>TwinCAT RT Files</Filter>
    </ClInclude>
    <ClInclude Include="RollFeedModule.h">
      <Filter>Header Files</Filter>
    </ClInclude>
    <ClInclude Include="RollFeedModuleAds.h">
      <Filter>Header Files</Filter>
    </ClInclude>
  </ItemGroup>
  <ItemGroup>
    <ClCompile Include="TcPch.cpp">
      <Filter>Source Files</Filter>
    </ClCompile>
    <ClCompile Include="RollFeedClassFactory.cpp">
      <Filter>Source Files</Filter>
    </ClCompile>
    <ClCompile Include="RollFeedCtrl.cpp">
      <Filter>TwinCAT UM Files</Filter>
    </ClCompile>
    <ClCompile Include="RollFeedW32.cpp">
      <Filter>TwinCAT UM Files</Filter>
    </ClCompile>
    <ClCompile Include="RollFeedDriver.cpp">
      <Filter>TwinCAT RT Files</Filter>
    </ClCompile>
    <ClCompile Include="RollFeedMain.cpp">
      <Filter>TwinCAT OS Files</Filter>
    </ClCompile>
    <ClCompile Include="RollFeedModule.cpp">
      <Filter>Source Files</Filter>
    </ClCompile>
  </ItemGroup>
  <ItemGroup>
    <ResourceCompile Include="RollFeed.rc">
      <Filter>Source Files</Filter>
    </ResourceCompile>
    <ResourceCompile Include="RollFeedW32.rc">
      <Filter>TwinCAT UM Files</Filter>
    </ResourceCompile>
  </ItemGroup>
  <ItemGroup>
    <None Include="RollFeedW32.def">
      <Filter>TwinCAT UM Files</Filter>
    </None>
    <None Include="RollFeed.tmc">
      <Filter>TMC Files</Filter>
    </None>
  </ItemGroup>
  <ItemGroup>
    <Midl Include="RollFeedW32.idl">
      <Filter>TwinCAT UM Files</Filter>
    </Midl>
  </ItemGroup>
</Project>